
Microsoft Visual Studio Solution File, Format Version 12.00
# Visual Studio Version 16
VisualStudioVersion = 16.0.32901.82
MinimumVisualStudioVersion = 10.0.40219.1
Project("{8BC9CEB8-8B4A-11D0-8D11-00A0C91BC942}") = "test(12)", "test(12)\test(12).vcxproj", "{C102A38C-5CD8-4F1A-B1F8-76A9F4F68C70}"
EndProject
Global
	GlobalSection(SolutionConfigurationPlatforms) = preSolution
		Debug|x64 = Debug|x64
		Debug|x86 = Debug|x86
		Release|x64 = Release|x64
		Release|x86 = Release|x86
	EndGlobalSection
	GlobalSection(ProjectConfigurationPlatforms) = postSolution
		{C102A38C-5CD8-4F1A-B1F8-76A9F4F68C70}.Debug|x64.ActiveCfg = Debug|x64
		{C102A38C-5CD8-4F1A-B1F8-76A9F4F68C70}.Debug|x64.Build.0 = Debug|x64
		{C102A38C-5CD8-4F1A-B1F8-76A9F4F68C70}.Debug|x86.ActiveCfg = Debug|Win32
		{C102A38C-5CD8-4F1A-B1F8-76A9F4F68C70}.Debug|x86.Build.0 = Debug|Win32
		{C102A38C-5CD8-4F1A-B1F8-76A9F4F68C70}.Release|x64.ActiveCfg = Release|x64
		{C102A38C-5CD8-4F1A-B1F8-76A9F4F68C70}.Release|x64.Build.0 = Release|x64
		{C102A38C-5CD8-4F1A-B1F8-76A9F4F68C70}.Release|x86.ActiveCfg = Release|Win32
		{C102A38C-5CD8-4F1A-B1F8-76A9F4F68C70}.Release|x86.Build.0 = Release|Win32
	EndGlobalSection
	GlobalSection(SolutionProperties) = preSolution
		HideSolutionNode = FALSE
	EndGlobalSection
	GlobalSection(ExtensibilityGlobals) = postSolution
		SolutionGuid = {869DFF4F-9C25-4C75-A717-750C6C81D0D8}
	EndGlobalSection
EndGlobal
